// !$*UTF8*$!
{
	archiveVersion = 1;
	classes = {
	};
	objectVersion = 46;
	objects = {

/* Begin PBXBuildFile section */
		2139987D1A144E7B00FCAAD6 /* AppDelegate.swift in Sources */ = {isa = PBXBuildFile; fileRef = 2139987C1A144E7B00FCAAD6 /* AppDelegate.swift */; };
		2139987F1A144E7B00FCAAD6 /* ViewController.swift in Sources */ = {isa = PBXBuildFile; fileRef = 2139987E1A144E7B00FCAAD6 /* ViewController.swift */; };
		213998821A144E7B00FCAAD6 /* Main.storyboard in Resources */ = {isa = PBXBuildFile; fileRef = 213998801A144E7B00FCAAD6 /* Main.storyboard */; };
		213998841A144E7B00FCAAD6 /* Images.xcassets in Resources */ = {isa = PBXBuildFile; fileRef = 213998831A144E7B00FCAAD6 /* Images.xcassets */; };
		213998871A144E7B00FCAAD6 /* LaunchScreen.xib in Resources */ = {isa = PBXBuildFile; fileRef = 213998851A144E7B00FCAAD6 /* LaunchScreen.xib */; };
		213998931A144E7B00FCAAD6 /* BullsEyeTests.swift in Sources */ = {isa = PBXBuildFile; fileRef = 213998921A144E7B00FCAAD6 /* BullsEyeTests.swift */; };
		214311041A15F8DE00696EE4 /* AboutViewController.swift in Sources */ = {isa = PBXBuildFile; fileRef = 214311031A15F8DE00696EE4 /* AboutViewController.swift */; };
/* End PBXBuildFile section */

/* Begin PBXContainerItemProxy section */
		2139988D1A144E7B00FCAAD6 /* PBXContainerItemProxy */ = {
			isa = PBXContainerItemProxy;
			containerPortal = 2139986F1A144E7B00FCAAD6 /* Project object */;
			proxyType = 1;
			remoteGlobalIDString = 213998761A144E7B00FCAAD6;
			remoteInfo = BullsEye;
		};
/* End PBXContainerItemProxy section */

/* Begin PBXFileReference section */
		213998771A144E7B00FCAAD6 /* BullsEye.app */ = {isa = PBXFileReference; explicitFileType = wrapper.application; includeInIndex = 0; path = BullsEye.app; sourceTree = BUILT_PRODUCTS_DIR; };
		2139987B1A144E7B00FCAAD6 /* Info.plist */ = {isa = PBXFileReference; lastKnownFileType = text.plist.xml; path = Info.plist; sourceTree = "<group>"; };
		2139987C1A144E7B00FCAAD6 /* AppDelegate.swift */ = {isa = PBXFileReference; lastKnownFileType = sourcecode.swift; path = AppDelegate.swift; sourceTree = "<group>"; };
		2139987E1A144E7B00FCAAD6 /* ViewController.swift */ = {isa = PBXFileReference; lastKnownFileType = sourcecode.swift; path = ViewController.swift; sourceTree = "<group>"; };
		213998811A144E7B00FCAAD6 /* Base */ = {isa = PBXFileReference; lastKnownFileType = file.storyboard; name = Base; path = Base.lproj/Main.storyboard; sourceTree = "<group>"; };
		213998831A144E7B00FCAAD6 /* Images.xcassets */ = {isa = PBXFileReference; lastKnownFileType = folder.assetcatalog; path = Images.xcassets; sourceTree = "<group>"; };
		213998861A144E7B00FCAAD6 /* Base */ = {isa = PBXFileReference; lastKnownFileType = file.xib; name = Base; path = Base.lproj/LaunchScreen.xib; sourceTree = "<group>"; };
		2139988C1A144E7B00FCAAD6 /* BullsEyeTests.xctest */ = {isa = PBXFileReference; explicitFileType = wrapper.cfbundle; includeInIndex = 0; path = BullsEyeTests.xctest; sourceTree = BUILT_PRODUCTS_DIR; };
		213998911A144E7B00FCAAD6 /* Info.plist */ = {isa = PBXFileReference; lastKnownFileType = text.plist.xml; path = Info.plist; sourceTree = "<group>"; };
		213998921A144E7B00FCAAD6 /* BullsEyeTests.swift */ = {isa = PBXFileReference; lastKnownFileType = sourcecode.swift; path = BullsEyeTests.swift; sourceTree = "<group>"; };
		214311031A15F8DE00696EE4 /* AboutViewController.swift */ = {isa = PBXFileReference; fileEncoding = 4; lastKnownFileType = sourcecode.swift; path = AboutViewController.swift; sourceTree = "<group>"; };
/* End PBXFileReference section */

/* Begin PBXFrameworksBuildPhase section */
		213998741A144E7B00FCAAD6 /* Frameworks */ = {
			isa = PBXFrameworksBuildPhase;
			buildActionMask = 2147483647;
			files = (
			);
			runOnlyForDeploymentPostprocessing = 0;
		};
		213998891A144E7B00FCAAD6 /* Frameworks */ = {
			isa = PBXFrameworksBuildPhase;
			buildActionMask = 2147483647;
			files = (
			);
			runOnlyForDeploymentPostprocessing = 0;
		};
/* End PBXFrameworksBuildPhase section */

/* Begin PBXGroup section */
		2139986E1A144E7B00FCAAD6 = {
			isa = PBXGroup;
			children = (
				213998791A144E7B00FCAAD6 /* BullsEye */,
				2139988F1A144E7B00FCAAD6 /* BullsEyeTests */,
				213998781A144E7B00FCAAD6 /* Products */,
			);
			sourceTree = "<group>";
		};
		213998781A144E7B00FCAAD6 /* Products */ = {
			isa = PBXGroup;
			children = (
				213998771A144E7B00FCAAD6 /* BullsEye.app */,
				2139988C1A144E7B00FCAAD6 /* BullsEyeTests.xctest */,
			);
			name = Products;
			sourceTree = "<group>";
		};
		213998791A144E7B00FCAAD6 /* BullsEye */ = {
			isa = PBXGroup;
			children = (
				2139987C1A144E7B00FCAAD6 /* AppDelegate.swift */,
				2139987E1A144E7B00FCAAD6 /* ViewController.swift */,
				214311031A15F8DE00696EE4 /* AboutViewController.swift */,
				213998801A144E7B00FCAAD6 /* Main.storyboard */,
				213998831A144E7B00FCAAD6 /* Images.xcassets */,
				213998851A144E7B00FCAAD6 /* LaunchScreen.xib */,
				2139987A1A144E7B00FCAAD6 /* Supporting Files */,
			);
			path = BullsEye;
			sourceTree = "<group>";
		};
		2139987A1A144E7B00FCAAD6 /* Supporting Files */ = {
			isa = PBXGroup;
			children = (
				2139987B1A144E7B00FCAAD6 /* Info.plist */,
			);
			name = "Supporting Files";
			sourceTree = "<group>";
		};
		2139988F1A144E7B00FCAAD6 /* BullsEyeTests */ = {
			isa = PBXGroup;
			children = (
				213998921A144E7B00FCAAD6 /* BullsEyeTests.swift */,
				213998901A144E7B00FCAAD6 /* Supporting Files */,
			);
			path = BullsEyeTests;
			sourceTree = "<group>";
		};
		213998901A144E7B00FCAAD6 /* Supporting Files */ = {
			isa = PBXGroup;
			children = (
				213998911A144E7B00FCAAD6 /* Info.plist */,
			);
			name = "Supporting Files";
			sourceTree = "<group>";
		};
/* End PBXGroup section */

/* Begin PBXNativeTarget section */
		213998761A144E7B00FCAAD6 /* BullsEye */ = {
			isa = PBXNativeTarget;
			buildConfigurationList = 213998961A144E7B00FCAAD6 /* Build configuration list for PBXNativeTarget "BullsEye" */;
			buildPhases = (
				213998731A144E7B00FCAAD6 /* Sources */,
				213998741A144E7B00FCAAD6 /* Frameworks */,
				213998751A144E7B00FCAAD6 /* Resources */,
			);
			buildRules = (
			);
			dependencies = (
			);
			name = BullsEye;
			productName = BullsEye;
			productReference = 213998771A144E7B00FCAAD6 /* BullsEye.app */;
			productType = "com.apple.product-type.application";
		};
		2139988B1A144E7B00FCAAD6 /* BullsEyeTests */ = {
			isa = PBXNativeTarget;
			buildConfigurationList = 213998991A144E7B00FCAAD6 /* Build configuration list for PBXNativeTarget "BullsEyeTests" */;
			buildPhases = (
				213998881A144E7B00FCAAD6 /* Sources */,
				213998891A144E7B00FCAAD6 /* Frameworks */,
				2139988A1A144E7B00FCAAD6 /* Resources */,
			);
			buildRules = (
			);
			dependencies = (
				2139988E1A144E7B00FCAAD6 /* PBXTargetDependency */,
			);
			name = BullsEyeTests;
			productName = BullsEyeTests;
			productReference = 2139988C1A144E7B00FCAAD6 /* BullsEyeTests.xctest */;
			productType = "com.apple.product-type.bundle.unit-test";
		};
/* End PBXNativeTarget section */

/* Begin PBXProject section */
		2139986F1A144E7B00FCAAD6 /* Project object */ = {
			isa = PBXProject;
			attributes = {
				LastUpgradeCheck = 0610;
				ORGANIZATIONNAME = "Michael Droz";
				TargetAttributes = {
					213998761A144E7B00FCAAD6 = {
						CreatedOnToolsVersion = 6.1;
					};
					2139988B1A144E7B00FCAAD6 = {
						CreatedOnToolsVersion = 6.1;
						TestTargetID = 213998761A144E7B00FCAAD6;
					};
				};
			};
			buildConfigurationList = 213998721A144E7B00FCAAD6 /* Build configuration list for PBXProject "BullsEye" */;
			compatibilityVersion = "Xcode 3.2";
			developmentRegion = English;
			hasScannedForEncodings = 0;
			knownRegions = (
				en,
				Base,
			);
			mainGroup = 2139986E1A144E7B00FCAAD6;
			productRefGroup = 213998781A144E7B00FCAAD6 /* Products */;
			projectDirPath = "";
			projectRoot = "";
			targets = (
				213998761A144E7B00FCAAD6 /* BullsEye */,
				2139988B1A144E7B00FCAAD6 /* BullsEyeTests */,
			);
		};
/* End PBXProject section */

/* Begin PBXResourcesBuildPhase section */
		213998751A144E7B00FCAAD6 /* Resources */ = {
			isa = PBXResourcesBuildPhase;
			buildActionMask = 2147483647;
			files = (
				213998821A144E7B00FCAAD6 /* Main.storyboard in Resources */,
				213998871A144E7B00FCAAD6 /* LaunchScreen.xib in Resources */,
				213998841A144E7B00FCAAD6 /* Images.xcassets in Resources */,
			);
			runOnlyForDeploymentPostprocessing = 0;
		};
		2139988A1A144E7B00FCAAD6 /* Resources */ = {
			isa = PBXResourcesBuildPhase;
			buildActionMask = 2147483647;
			files = (
			);
			runOnlyForDeploymentPostprocessing = 0;
		};
/* End PBXResourcesBuildPhase section */

/* Begin PBXSourcesBuildPhase section */
		213998731A144E7B00FCAAD6 /* Sources */ = {
			isa = PBXSourcesBuildPhase;
			buildActionMask = 2147483647;
			files = (
				214311041A15F8DE00696EE4 /* AboutViewController.swift in Sources */,
				2139987F1A144E7B00FCAAD6 /* ViewController.swift in Sources */,
				2139987D1A144E7B00FCAAD6 /* AppDelegate.swift in Sources */,
			);
			runOnlyForDeploymentPostprocessing = 0;
		};
		213998881A144E7B00FCAAD6 /* Sources */ = {
			isa = PBXSourcesBuildPhase;
			buildActionMask = 2147483647;
			files = (
				213998931A144E7B00FCAAD6 /* BullsEyeTests.swift in Sources */,
			);
			runOnlyForDeploymentPostprocessing = 0;
		};
/* End PBXSourcesBuildPhase section */

/* Begin PBXTargetDependency section */
		2139988E1A144E7B00FCAAD6 /* PBXTargetDependency */ = {
			isa = PBXTargetDependency;
			target = 213998761A144E7B00FCAAD6 /* BullsEye */;
			targetProxy = 2139988D1A144E7B00FCAAD6 /* PBXContainerItemProxy */;
		};
/* End PBXTargetDependency section */

/* Begin PBXVariantGroup section */
		213998801A144E7B00FCAAD6 /* Main.storyboard */ = {
			isa = PBXVariantGroup;
			children = (
				213998811A144E7B00FCAAD6 /* Base */,
			);
			name = Main.storyboard;
			sourceTree = "<group>";
		};
		213998851A144E7B00FCAAD6 /* LaunchScreen.xib */ = {
			isa = PBXVariantGroup;
			children = (
				213998861A144E7B00FCAAD6 /* Base */,
			);
			name = LaunchScreen.xib;
			sourceTree = "<group>";
		};
/* End PBXVariantGroup section */

/* Begin XCBuildConfiguration section */
		213998941A144E7B00FCAAD6 /* Debug */ = {
			isa = XCBuildConfiguration;
			buildSettings = {
				ALWAYS_SEARCH_USER_PATHS = NO;
				CLANG_CXX_LANGUAGE_STANDARD = "gnu++0x";
				CLANG_CXX_LIBRARY = "libc++";
				CLANG_ENABLE_MODULES = YES;
				CLANG_ENABLE_OBJC_ARC = YES;
				CLANG_WARN_BOOL_CONVERSION = YES;
				CLANG_WARN_CONSTANT_CONVERSION = YES;
				CLANG_WARN_DIRECT_OBJC_ISA_USAGE = YES_ERROR;
				CLANG_WARN_EMPTY_BODY = YES;
				CLANG_WARN_ENUM_CONVERSION = YES;
				CLANG_WARN_INT_CONVERSION = YES;
				CLANG_WARN_OBJC_ROOT_CLASS = YES_ERROR;
				CLANG_WARN_UNREACHABLE_CODE = YES;
				CLANG_WARN__DUPLICATE_METHOD_MATCH = YES;
				"CODE_SIGN_IDENTITY[sdk=iphoneos*]" = "iPhone Developer";
				COPY_PHASE_STRIP = NO;
				ENABLE_STRICT_OBJC_MSGSEND = YES;
				GCC_C_LANGUAGE_STANDARD = gnu99;
				GCC_DYNAMIC_NO_PIC = NO;
				GCC_OPTIMIZATION_LEVEL = 0;
				GCC_PREPROCESSOR_DEFINITIONS = (
					"DEBUG=1",
					"$(inherited)",
				);
				GCC_SYMBOLS_PRIVATE_EXTERN = NO;
				GCC_WARN_64_TO_32_BIT_CONVERSION = YES;
				GCC_WARN_ABOUT_RETURN_TYPE = YES_ERROR;
				GCC_WARN_UNDECLARED_SELECTOR = YES;
				GCC_WARN_UNINITIALIZED_AUTOS = YES_AGGRESSIVE;
				GCC_WARN_UNUSED_FUNCTION = YES;
				GCC_WARN_UNUSED_VARIABLE = YES;
				IPHONEOS_DEPLOYMENT_TARGET = 8.1;
				MTL_ENABLE_DEBUG_INFO = YES;
				ONLY_ACTIVE_ARCH = YES;
				SDKROOT = iphoneos;
				SWIFT_OPTIMIZATION_LEVEL = "-Onone";
			};
			name = Debug;
		};
		213998951A144E7B00FCAAD6 /* Release */ = {
			isa = XCBuildConfiguration;
			buildSettings = {
				ALWAYS_SEARCH_USER_PATHS = NO;
				CLANG_CXX_LANGUAGE_STANDARD = "gnu++0x";
				CLANG_CXX_LIBRARY = "libc++";
				CLANG_ENABLE_MODULES = YES;
				CLANG_ENABLE_OBJC_ARC = YES;
				CLANG_WARN_BOOL_CONVERSION = YES;
				CLANG_WARN_CONSTANT_CONVERSION = YES;
				CLANG_WARN_DIRECT_OBJC_ISA_USAGE = YES_ERROR;
				CLANG_WARN_EMPTY_BODY = YES;
				CLANG_WARN_ENUM_CONVERSION = YES;
				CLANG_WARN_INT_CONVERSION = YES;
				CLANG_WARN_OBJC_ROOT_CLASS = YES_ERROR;
				CLANG_WARN_UNREACHABLE_CODE = YES;
				CLANG_WARN__DUPLICATE_METHOD_MATCH = YES;
				"CODE_SIGN_IDENTITY[sdk=iphoneos*]" = "iPhone Developer";
				COPY_PHASE_STRIP = YES;
				ENABLE_NS_ASSERTIONS = NO;
				ENABLE_STRICT_OBJC_MSGSEND = YES;
				GCC_C_LANGUAGE_STANDARD = gnu99;
				GCC_WARN_64_TO_32_BIT_CONVERSION = YES;
				GCC_WARN_ABOUT_RETURN_TYPE = YES_ERROR;
				GCC_WARN_UNDECLARED_SELECTOR = YES;
				GCC_WARN_UNINITIALIZED_AUTOS = YES_AGGRESSIVE;
				GCC_WARN_UNUSED_FUNCTION = YES;
				GCC_WARN_UNUSED_VARIABLE = YES;
				IPHONEOS_DEPLOYMENT_TARGET = 8.1;
				MTL_ENABLE_DEBUG_INFO = NO;
				SDKROOT = iphoneos;
				VALIDATE_PRODUCT = YES;
			};
			name = Release;
		};
		213998971A144E7B00FCAAD6 /* Debug */ = {
			isa = XCBuildConfiguration;
			buildSettings = {
				ASSETCATALOG_COMPILER_APPICON_NAME = AppIcon;
				INFOPLIST_FILE = BullsEye/Info.plist;
				LD_RUNPATH_SEARCH_PATHS = "$(inherited) @executable_path/Frameworks";
				PRODUCT_NAME = "$(TARGET_NAME)";
			};
			name = Debug;
		};
		213998981A144E7B00FCAAD6 /* Release */ = {
			isa = XCBuildConfiguration;
			buildSettings = {
				ASSETCATALOG_COMPILER_APPICON_NAME = AppIcon;
				INFOPLIST_FILE = BullsEye/Info.plist;
				LD_RUNPATH_SEARCH_PATHS = "$(inherited) @executable_path/Frameworks";
				PRODUCT_NAME = "$(TARGET_NAME)";
			};
			name = Release;
		};
		2139989A1A144E7B00FCAAD6 /* Debug */ = {
			isa = XCBuildConfiguration;
			buildSettings = {
				BUNDLE_LOADER = "$(TEST_HOST)";
				FRAMEWORK_SEARCH_PATHS = (
					"$(SDKROOT)/Developer/Library/Frameworks",
					"$(inherited)",
				);
				GCC_PREPROCESSOR_DEFINITIONS = (
					"DEBUG=1",
					"$(inherited)",
				);
				INFOPLIST_FILE = BullsEyeTests/Info.plist;
				LD_RUNPATH_SEARCH_PATHS = "$(inherited) @executable_path/Frameworks @loader_path/Frameworks";
				PRODUCT_NAME = "$(TARGET_NAME)";
				TEST_HOST = "$(BUILT_PRODUCTS_DIR)/BullsEye.app/BullsEye";
			};
			name = Debug;
		};
		2139989B1A144E7B00FCAAD6 /* Release */ = {
			isa = XCBuildConfiguration;
			buildSettings = {
				BUNDLE_LOADER = "$(TEST_HOST)";
				FRAMEWORK_SEARCH_PATHS = (
					"$(SDKROOT)/Developer/Library/Frameworks",
					"$(inherited)",
				);
				INFOPLIST_FILE = BullsEyeTests/Info.plist;
				LD_RUNPATH_SEARCH_PATHS = "$(inherited) @executable_path/Frameworks @loader_path/Frameworks";
				PRODUCT_NAME = "$(TARGET_NAME)";
				TEST_HOST = "$(BUILT_PRODUCTS_DIR)/BullsEye.app/BullsEye";
			};
			name = Release;
		};
/* End XCBuildConfiguration section */

/* Begin XCConfigurationList section */
		213998721A144E7B00FCAAD6 /* Build configuration list for PBXProject "BullsEye" */ = {
			isa = XCConfigurationList;
			buildConfigurations = (
				213998941A144E7B00FCAAD6 /* Debug */,
				213998951A144E7B00FCAAD6 /* Release */,
			);
			defaultConfigurationIsVisible = 0;
			defaultConfigurationName = Release;
		};
		213998961A144E7B00FCAAD6 /* Build configuration list for PBXNativeTarget "BullsEye" */ = {
			isa = XCConfigurationList;
			buildConfigurations = (
				213998971A144E7B00FCAAD6 /* Debug */,
				213998981A144E7B00FCAAD6 /* Release */,
			);
			defaultConfigurationIsVisible = 0;
			defaultConfigurationName = Release;
		};
		213998991A144E7B00FCAAD6 /* Build configuration list for PBXNativeTarget "BullsEyeTests" */ = {
			isa = XCConfigurationList;
			buildConfigurations = (
				2139989A1A144E7B00FCAAD6 /* Debug */,
				2139989B1A144E7B00FCAAD6 /* Release */,
			);
			defaultConfigurationIsVisible = 0;
			defaultConfigurationName = Release;
		};
/* End XCConfigurationList section */
	};
	rootObject = 2139986F1A144E7B00FCAAD6 /* Project object */;
}
